
Microsoft Visual Studio Solution File, Format Version 12.00
# Visual Studio 2012
# SharpDevelop 4.4
VisualStudioVersion = 12.0.21005.1
MinimumVisualStudioVersion = 10.0.40219.1
Project("{F184B08F-C81C-45F6-A57F-5ABD9991F28F}") = "SteamPlaceholder", "SteamPlaceholder.vbproj", "{03575F18-940C-4AA5-AD85-C682ED6535B6}"
EndProject
Global
	GlobalSection(SolutionConfigurationPlatforms) = preSolution
		Debug|Any CPU = Debug|Any CPU
		Release|Any CPU = Release|Any CPU
	EndGlobalSection
	GlobalSection(ProjectConfigurationPlatforms) = postSolution
		{03575F18-940C-4AA5-AD85-C682ED6535B6}.Debug|Any CPU.ActiveCfg = Debug|Any CPU
		{03575F18-940C-4AA5-AD85-C682ED6535B6}.Debug|Any CPU.Build.0 = Debug|Any CPU
		{03575F18-940C-4AA5-AD85-C682ED6535B6}.Release|Any CPU.ActiveCfg = Release|Any CPU
		{03575F18-940C-4AA5-AD85-C682ED6535B6}.Release|Any CPU.Build.0 = Release|Any CPU
	EndGlobalSection
	GlobalSection(SolutionProperties) = preSolution
		HideSolutionNode = FALSE
	EndGlobalSection
EndGlobal
